
Microsoft Visual Studio Solution File, Format Version 12.00
# Visual Studio Version 17
VisualStudioVersion = 17.5.33516.290
MinimumVisualStudioVersion = 10.0.40219.1
Project("{9A19103F-16F7-4668-BE54-9A1E7A4F7556}") = "GeniyIdiotConsoleApp", "GeniyIdiotConsoleApp\GeniyIdiotConsoleApp.csproj", "{58FE35E5-48A9-4FAA-90D8-442FBA1D3C94}"
EndProject
Project("{9A19103F-16F7-4668-BE54-9A1E7A4F7556}") = "GeniyIdiotWinFormsApp", "GeniyIdiotWinFormsApp\GeniyIdiotWinFormsApp.csproj", "{6CB71DAC-A6E9-4E2D-94AC-F8D4EC749A54}"
EndProject
Project("{FAE04EC0-301F-11D3-BF4B-00C04F79EFBC}") = "GeniyIdiot.Common", "GeniyIdiot.Common\GeniyIdiot.Common.csproj", "{26A558DD-4FFF-4C01-A80E-9D45F8A94907}"
EndProject
Global
	GlobalSection(SolutionConfigurationPlatforms) = preSolution
		Debug|Any CPU = Debug|Any CPU
		Release|Any CPU = Release|Any CPU
	EndGlobalSection
	GlobalSection(ProjectConfigurationPlatforms) = postSolution
		{58FE35E5-48A9-4FAA-90D8-442FBA1D3C94}.Debug|Any CPU.ActiveCfg = Debug|Any CPU
		{58FE35E5-48A9-4FAA-90D8-442FBA1D3C94}.Debug|Any CPU.Build.0 = Debug|Any CPU
		{58FE35E5-48A9-4FAA-90D8-442FBA1D3C94}.Release|Any CPU.ActiveCfg = Release|Any CPU
		{58FE35E5-48A9-4FAA-90D8-442FBA1D3C94}.Release|Any CPU.Build.0 = Release|Any CPU
		{6CB71DAC-A6E9-4E2D-94AC-F8D4EC749A54}.Debug|Any CPU.ActiveCfg = Debug|Any CPU
		{6CB71DAC-A6E9-4E2D-94AC-F8D4EC749A54}.Debug|Any CPU.Build.0 = Debug|Any CPU
		{6CB71DAC-A6E9-4E2D-94AC-F8D4EC749A54}.Release|Any CPU.ActiveCfg = Release|Any CPU
		{6CB71DAC-A6E9-4E2D-94AC-F8D4EC749A54}.Release|Any CPU.Build.0 = Release|Any CPU
		{26A558DD-4FFF-4C01-A80E-9D45F8A94907}.Debug|Any CPU.ActiveCfg = Debug|Any CPU
		{26A558DD-4FFF-4C01-A80E-9D45F8A94907}.Debug|Any CPU.Build.0 = Debug|Any CPU
		{26A558DD-4FFF-4C01-A80E-9D45F8A94907}.Release|Any CPU.ActiveCfg = Release|Any CPU
		{26A558DD-4FFF-4C01-A80E-9D45F8A94907}.Release|Any CPU.Build.0 = Release|Any CPU
	EndGlobalSection
	GlobalSection(SolutionProperties) = preSolution
		HideSolutionNode = FALSE
	EndGlobalSection
	GlobalSection(ExtensibilityGlobals) = postSolution
		SolutionGuid = {9E94803C-CF2D-4BBE-93BE-0267BD617307}
	EndGlobalSection
EndGlobal
